
Microsoft Visual Studio Solution File, Format Version 12.00
# Visual Studio Version 17
VisualStudioVersion = 17.14.36429.23 d17.14
MinimumVisualStudioVersion = 10.0.40219.1
Project("{FAE04EC0-301F-11D3-BF4B-00C04F79EFBC}") = "HraosPokus2", "HraosPokus2.csproj", "{271F951C-DFBC-4E18-9D11-F924F71B9A15}"
EndProject
Global
	GlobalSection(SolutionConfigurationPlatforms) = preSolution
		Debug|Any CPU = Debug|Any CPU
		Release|Any CPU = Release|Any CPU
	EndGlobalSection
	GlobalSection(ProjectConfigurationPlatforms) = postSolution
		{271F951C-DFBC-4E18-9D11-F924F71B9A15}.Debug|Any CPU.ActiveCfg = Debug|Any CPU
		{271F951C-DFBC-4E18-9D11-F924F71B9A15}.Debug|Any CPU.Build.0 = Debug|Any CPU
		{271F951C-DFBC-4E18-9D11-F924F71B9A15}.Release|Any CPU.ActiveCfg = Release|Any CPU
		{271F951C-DFBC-4E18-9D11-F924F71B9A15}.Release|Any CPU.Build.0 = Release|Any CPU
	EndGlobalSection
	GlobalSection(SolutionProperties) = preSolution
		HideSolutionNode = FALSE
	EndGlobalSection
	GlobalSection(ExtensibilityGlobals) = postSolution
		SolutionGuid = {13605350-DA3A-4A14-BF8A-21B07C3175FF}
	EndGlobalSection
EndGlobal
